
Microsoft Visual Studio Solution File, Format Version 12.00
# Visual Studio Version 17
VisualStudioVersion = 17.5.002.0
MinimumVisualStudioVersion = 10.0.40219.1
Project("{9A19103F-16F7-4668-BE54-9A1E7A4F7556}") = "aniPublicOfficialReportSelfService_Html", "aniPublicOfficialReportSelfService_Html\aniPublicOfficialReportSelfService_Html.csproj", "{D602AEC8-28E3-49DD-8B52-4C677EDA2271}"
EndProject
Project("{9A19103F-16F7-4668-BE54-9A1E7A4F7556}") = "aniServerBrokerServer", "aniServerBrokerServer\aniServerBrokerServer.csproj", "{923311EC-1BE2-4D19-B775-AE6874789706}"
EndProject
Project("{FAE04EC0-301F-11D3-BF4B-00C04F79EFBC}") = "dbmanageWinForms", "aniPublicOfficialReportSelfService_Html\wwwroot\EnHaandAaHoldeI\u\dbmanage\dbmanageWinForms\dbmanageWinForms.csproj", "{9E30A9DE-F0FC-C42D-2F23-375170DD35C7}"
EndProject
Project("{2150E333-8FDC-42A3-9474-1A3956D46DE8}") = "sub", "sub", "{02EA681E-C7D8-13C7-8484-4AC65E1B71E8}"
EndProject
Project("{8BC9CEB8-8B4A-11D0-8D11-00A0C91BC942}") = "WalkEngine12", "aniPublicOfficialReportSelfService_Html\wwwroot\EnHaandAaHoldeI\u\WalkEngine12\WalkEngine12.vcxproj", "{7EA2EA62-C374-441C-8781-F3F2EE207679}"
EndProject
Global
	GlobalSection(SolutionConfigurationPlatforms) = preSolution
		Debug|Any CPU = Debug|Any CPU
		Release|Any CPU = Release|Any CPU
	EndGlobalSection
	GlobalSection(ProjectConfigurationPlatforms) = postSolution
		{D602AEC8-28E3-49DD-8B52-4C677EDA2271}.Debug|Any CPU.ActiveCfg = Debug|Any CPU
		{D602AEC8-28E3-49DD-8B52-4C677EDA2271}.Release|Any CPU.ActiveCfg = Release|Any CPU
		{D602AEC8-28E3-49DD-8B52-4C677EDA2271}.Release|Any CPU.Build.0 = Release|Any CPU
		{923311EC-1BE2-4D19-B775-AE6874789706}.Debug|Any CPU.ActiveCfg = Debug|Any CPU
		{923311EC-1BE2-4D19-B775-AE6874789706}.Release|Any CPU.ActiveCfg = Release|Any CPU
		{923311EC-1BE2-4D19-B775-AE6874789706}.Release|Any CPU.Build.0 = Release|Any CPU
		{9E30A9DE-F0FC-C42D-2F23-375170DD35C7}.Debug|Any CPU.ActiveCfg = Debug|Any CPU
		{9E30A9DE-F0FC-C42D-2F23-375170DD35C7}.Debug|Any CPU.Build.0 = Debug|Any CPU
		{9E30A9DE-F0FC-C42D-2F23-375170DD35C7}.Release|Any CPU.ActiveCfg = Release|Any CPU
		{9E30A9DE-F0FC-C42D-2F23-375170DD35C7}.Release|Any CPU.Build.0 = Release|Any CPU
		{7EA2EA62-C374-441C-8781-F3F2EE207679}.Debug|Any CPU.ActiveCfg = Debug|x64
		{7EA2EA62-C374-441C-8781-F3F2EE207679}.Debug|Any CPU.Build.0 = Debug|x64
		{7EA2EA62-C374-441C-8781-F3F2EE207679}.Release|Any CPU.ActiveCfg = Release|x64
		{7EA2EA62-C374-441C-8781-F3F2EE207679}.Release|Any CPU.Build.0 = Release|x64
	EndGlobalSection
	GlobalSection(SolutionProperties) = preSolution
		HideSolutionNode = FALSE
	EndGlobalSection
	GlobalSection(NestedProjects) = preSolution
		{9E30A9DE-F0FC-C42D-2F23-375170DD35C7} = {02EA681E-C7D8-13C7-8484-4AC65E1B71E8}
	EndGlobalSection
	GlobalSection(ExtensibilityGlobals) = postSolution
		SolutionGuid = {EA1B19E1-F9B6-4091-95B2-8E7CC19790CE}
	EndGlobalSection
EndGlobal
