
Microsoft Visual Studio Solution File, Format Version 12.00
# Visual Studio Version 17
VisualStudioVersion = 17.4.33213.308
MinimumVisualStudioVersion = 10.0.40219.1
Project("{FAE04EC0-301F-11D3-BF4B-00C04F79EFBC}") = "aniPublicOfficialReportSelfService_Html", "aniPublicOfficialReportSelfService_Html\aniPublicOfficialReportSelfService_Html.csproj", "{2D24D98D-EA66-4834-B584-8BCDE655651B}"
EndProject
Global
	GlobalSection(SolutionConfigurationPlatforms) = preSolution
		Debug|Any CPU = Debug|Any CPU
		Release|Any CPU = Release|Any CPU
	EndGlobalSection
	GlobalSection(ProjectConfigurationPlatforms) = postSolution
		{2D24D98D-EA66-4834-B584-8BCDE655651B}.Debug|Any CPU.ActiveCfg = Debug|Any CPU
		{2D24D98D-EA66-4834-B584-8BCDE655651B}.Debug|Any CPU.Build.0 = Debug|Any CPU
		{2D24D98D-EA66-4834-B584-8BCDE655651B}.Release|Any CPU.ActiveCfg = Release|Any CPU
		{2D24D98D-EA66-4834-B584-8BCDE655651B}.Release|Any CPU.Build.0 = Release|Any CPU
	EndGlobalSection
	GlobalSection(SolutionProperties) = preSolution
		HideSolutionNode = FALSE
	EndGlobalSection
	GlobalSection(ExtensibilityGlobals) = postSolution
		SolutionGuid = {8CCC6D88-5512-4167-9244-F1695D86E354}
	EndGlobalSection
EndGlobal
