// !$*UTF8*$!
{
	archiveVersion = 1;
	classes = {
	};
	objectVersion = 77;
	objects = {

/* Begin PBXContainerItemProxy section */
		27D98AB12E5E35D20069E25F /* PBXContainerItemProxy */ = {
			isa = PBXContainerItemProxy;
			containerPortal = 27D98A962E5E35CC0069E25F /* Project object */;
			proxyType = 1;
			remoteGlobalIDString = 27D98A9D2E5E35CC0069E25F;
			remoteInfo = rosassistent;
		};
		27D98ABB2E5E35D20069E25F /* PBXContainerItemProxy */ = {
			isa = PBXContainerItemProxy;
			containerPortal = 27D98A962E5E35CC0069E25F /* Project object */;
			proxyType = 1;
			remoteGlobalIDString = 27D98A9D2E5E35CC0069E25F;
			remoteInfo = rosassistent;
		};
/* End PBXContainerItemProxy section */

/* Begin PBXFileReference section */
		27D98A9E2E5E35CC0069E25F /* rosassistent.app */ = {isa = PBXFileReference; explicitFileType = wrapper.application; includeInIndex = 0; path = rosassistent.app; sourceTree = BUILT_PRODUCTS_DIR; };
		27D98AB02E5E35D20069E25F /* rosassistentTests.xctest */ = {isa = PBXFileReference; explicitFileType = wrapper.cfbundle; includeInIndex = 0; path = rosassistentTests.xctest; sourceTree = BUILT_PRODUCTS_DIR; };
		27D98ABA2E5E35D20069E25F /* rosassistentUITests.xctest */ = {isa = PBXFileReference; explicitFileType = wrapper.cfbundle; includeInIndex = 0; path = rosassistentUITests.xctest; sourceTree = BUILT_PRODUCTS_DIR; };
/* End PBXFileReference section */

/* Begin PBXFileSystemSynchronizedRootGroup section */
		27D98AA02E5E35CC0069E25F /* rosassistent */ = {
			isa = PBXFileSystemSynchronizedRootGroup;
			path = rosassistent;
			sourceTree = "<group>";
		};
		27D98AB32E5E35D20069E25F /* rosassistentTests */ = {
			isa = PBXFileSystemSynchronizedRootGroup;
			path = rosassistentTests;
			sourceTree = "<group>";
		};
		27D98ABD2E5E35D20069E25F /* rosassistentUITests */ = {
			isa = PBXFileSystemSynchronizedRootGroup;
			path = rosassistentUITests;
			sourceTree = "<group>";
		};
/* End PBXFileSystemSynchronizedRootGroup section */

/* Begin PBXFrameworksBuildPhase section */
		27D98A9B2E5E35CC0069E25F /* Frameworks */ = {
			isa = PBXFrameworksBuildPhase;
			buildActionMask = 2147483647;
			files = (
			);
			runOnlyForDeploymentPostprocessing = 0;
		};
		27D98AAD2E5E35D20069E25F /* Frameworks */ = {
			isa = PBXFrameworksBuildPhase;
			buildActionMask = 2147483647;
			files = (
			);
			runOnlyForDeploymentPostprocessing = 0;
		};
		27D98AB72E5E35D20069E25F /* Frameworks */ = {
			isa = PBXFrameworksBuildPhase;
			buildActionMask = 2147483647;
			files = (
			);
			runOnlyForDeploymentPostprocessing = 0;
		};
/* End PBXFrameworksBuildPhase section */

/* Begin PBXGroup section */
		27D98A952E5E35CC0069E25F = {
			isa = PBXGroup;
			children = (
				27D98AA02E5E35CC0069E25F /* rosassistent */,
				27D98AB32E5E35D20069E25F /* rosassistentTests */,
				27D98ABD2E5E35D20069E25F /* rosassistentUITests */,
				27D98A9F2E5E35CC0069E25F /* Products */,
			);
			sourceTree = "<group>";
		};
		27D98A9F2E5E35CC0069E25F /* Products */ = {
			isa = PBXGroup;
			children = (
				27D98A9E2E5E35CC0069E25F /* rosassistent.app */,
				27D98AB02E5E35D20069E25F /* rosassistentTests.xctest */,
				27D98ABA2E5E35D20069E25F /* rosassistentUITests.xctest */,
			);
			name = Products;
			sourceTree = "<group>";
		};
/* End PBXGroup section */

/* Begin PBXNativeTarget section */
		27D98A9D2E5E35CC0069E25F /* rosassistent */ = {
			isa = PBXNativeTarget;
			buildConfigurationList = 27D98AC42E5E35D20069E25F /* Build configuration list for PBXNativeTarget "rosassistent" */;
			buildPhases = (
				27D98A9A2E5E35CC0069E25F /* Sources */,
				27D98A9B2E5E35CC0069E25F /* Frameworks */,
				27D98A9C2E5E35CC0069E25F /* Resources */,
			);
			buildRules = (
			);
			dependencies = (
			);
			fileSystemSynchronizedGroups = (
				27D98AA02E5E35CC0069E25F /* rosassistent */,
			);
			name = rosassistent;
			packageProductDependencies = (
			);
			productName = rosassistent;
			productReference = 27D98A9E2E5E35CC0069E25F /* rosassistent.app */;
			productType = "com.apple.product-type.application";
		};
		27D98AAF2E5E35D20069E25F /* rosassistentTests */ = {
			isa = PBXNativeTarget;
			buildConfigurationList = 27D98AC72E5E35D20069E25F /* Build configuration list for PBXNativeTarget "rosassistentTests" */;
			buildPhases = (
				27D98AAC2E5E35D20069E25F /* Sources */,
				27D98AAD2E5E35D20069E25F /* Frameworks */,
				27D98AAE2E5E35D20069E25F /* Resources */,
			);
			buildRules = (
			);
			dependencies = (
				27D98AB22E5E35D20069E25F /* PBXTargetDependency */,
			);
			fileSystemSynchronizedGroups = (
				27D98AB32E5E35D20069E25F /* rosassistentTests */,
			);
			name = rosassistentTests;
			packageProductDependencies = (
			);
			productName = rosassistentTests;
			productReference = 27D98AB02E5E35D20069E25F /* rosassistentTests.xctest */;
			productType = "com.apple.product-type.bundle.unit-test";
		};
		27D98AB92E5E35D20069E25F /* rosassistentUITests */ = {
			isa = PBXNativeTarget;
			buildConfigurationList = 27D98ACA2E5E35D20069E25F /* Build configuration list for PBXNativeTarget "rosassistentUITests" */;
			buildPhases = (
				27D98AB62E5E35D20069E25F /* Sources */,
				27D98AB72E5E35D20069E25F /* Frameworks */,
				27D98AB82E5E35D20069E25F /* Resources */,
			);
			buildRules = (
			);
			dependencies = (
				27D98ABC2E5E35D20069E25F /* PBXTargetDependency */,
			);
			fileSystemSynchronizedGroups = (
				27D98ABD2E5E35D20069E25F /* rosassistentUITests */,
			);
			name = rosassistentUITests;
			packageProductDependencies = (
			);
			productName = rosassistentUITests;
			productReference = 27D98ABA2E5E35D20069E25F /* rosassistentUITests.xctest */;
			productType = "com.apple.product-type.bundle.ui-testing";
		};
/* End PBXNativeTarget section */

/* Begin PBXProject section */
		27D98A962E5E35CC0069E25F /* Project object */ = {
			isa = PBXProject;
			attributes = {
				BuildIndependentTargetsInParallel = 1;
				LastSwiftUpdateCheck = 1620;
				LastUpgradeCheck = 1620;
				TargetAttributes = {
					27D98A9D2E5E35CC0069E25F = {
						CreatedOnToolsVersion = 16.2;
					};
					27D98AAF2E5E35D20069E25F = {
						CreatedOnToolsVersion = 16.2;
						TestTargetID = 27D98A9D2E5E35CC0069E25F;
					};
					27D98AB92E5E35D20069E25F = {
						CreatedOnToolsVersion = 16.2;
						TestTargetID = 27D98A9D2E5E35CC0069E25F;
					};
				};
			};
			buildConfigurationList = 27D98A992E5E35CC0069E25F /* Build configuration list for PBXProject "rosassistent" */;
			developmentRegion = en;
			hasScannedForEncodings = 0;
			knownRegions = (
				en,
				Base,
			);
			mainGroup = 27D98A952E5E35CC0069E25F;
			minimizedProjectReferenceProxies = 1;
			preferredProjectObjectVersion = 77;
			productRefGroup = 27D98A9F2E5E35CC0069E25F /* Products */;
			projectDirPath = "";
			projectRoot = "";
			targets = (
				27D98A9D2E5E35CC0069E25F /* rosassistent */,
				27D98AAF2E5E35D20069E25F /* rosassistentTests */,
				27D98AB92E5E35D20069E25F /* rosassistentUITests */,
			);
		};
/* End PBXProject section */

/* Begin PBXResourcesBuildPhase section */
		27D98A9C2E5E35CC0069E25F /* Resources */ = {
			isa = PBXResourcesBuildPhase;
			buildActionMask = 2147483647;
			files = (
			);
			runOnlyForDeploymentPostprocessing = 0;
		};
		27D98AAE2E5E35D20069E25F /* Resources */ = {
			isa = PBXResourcesBuildPhase;
			buildActionMask = 2147483647;
			files = (
			);
			runOnlyForDeploymentPostprocessing = 0;
		};
		27D98AB82E5E35D20069E25F /* Resources */ = {
			isa = PBXResourcesBuildPhase;
			buildActionMask = 2147483647;
			files = (
			);
			runOnlyForDeploymentPostprocessing = 0;
		};
/* End PBXResourcesBuildPhase section */

/* Begin PBXSourcesBuildPhase section */
		27D98A9A2E5E35CC0069E25F /* Sources */ = {
			isa = PBXSourcesBuildPhase;
			buildActionMask = 2147483647;
			files = (
			);
			runOnlyForDeploymentPostprocessing = 0;
		};
		27D98AAC2E5E35D20069E25F /* Sources */ = {
			isa = PBXSourcesBuildPhase;
			buildActionMask = 2147483647;
			files = (
			);
			runOnlyForDeploymentPostprocessing = 0;
		};
		27D98AB62E5E35D20069E25F /* Sources */ = {
			isa = PBXSourcesBuildPhase;
			buildActionMask = 2147483647;
			files = (
			);
			runOnlyForDeploymentPostprocessing = 0;
		};
/* End PBXSourcesBuildPhase section */

/* Begin PBXTargetDependency section */
		27D98AB22E5E35D20069E25F /* PBXTargetDependency */ = {
			isa = PBXTargetDependency;
			target = 27D98A9D2E5E35CC0069E25F /* rosassistent */;
			targetProxy = 27D98AB12E5E35D20069E25F /* PBXContainerItemProxy */;
		};
		27D98ABC2E5E35D20069E25F /* PBXTargetDependency */ = {
			isa = PBXTargetDependency;
			target = 27D98A9D2E5E35CC0069E25F /* rosassistent */;
			targetProxy = 27D98ABB2E5E35D20069E25F /* PBXContainerItemProxy */;
		};
/* End PBXTargetDependency section */

/* Begin XCBuildConfiguration section */
		27D98AC22E5E35D20069E25F /* Debug */ = {
			isa = XCBuildConfiguration;
			buildSettings = {
				ALWAYS_SEARCH_USER_PATHS = NO;
				ASSETCATALOG_COMPILER_GENERATE_SWIFT_ASSET_SYMBOL_EXTENSIONS = YES;
				CLANG_ANALYZER_NONNULL = YES;
				CLANG_ANALYZER_NUMBER_OBJECT_CONVERSION = YES_AGGRESSIVE;
				CLANG_CXX_LANGUAGE_STANDARD = "gnu++20";
				CLANG_ENABLE_MODULES = YES;
				CLANG_ENABLE_OBJC_ARC = YES;
				CLANG_ENABLE_OBJC_WEAK = YES;
				CLANG_WARN_BLOCK_CAPTURE_AUTORELEASING = YES;
				CLANG_WARN_BOOL_CONVERSION = YES;
				CLANG_WARN_COMMA = YES;
				CLANG_WARN_CONSTANT_CONVERSION = YES;
				CLANG_WARN_DEPRECATED_OBJC_IMPLEMENTATIONS = YES;
				CLANG_WARN_DIRECT_OBJC_ISA_USAGE = YES_ERROR;
				CLANG_WARN_DOCUMENTATION_COMMENTS = YES;
				CLANG_WARN_EMPTY_BODY = YES;
				CLANG_WARN_ENUM_CONVERSION = YES;
				CLANG_WARN_INFINITE_RECURSION = YES;
				CLANG_WARN_INT_CONVERSION = YES;
				CLANG_WARN_NON_LITERAL_NULL_CONVERSION = YES;
				CLANG_WARN_OBJC_IMPLICIT_RETAIN_SELF = YES;
				CLANG_WARN_OBJC_LITERAL_CONVERSION = YES;
				CLANG_WARN_OBJC_ROOT_CLASS = YES_ERROR;
				CLANG_WARN_QUOTED_INCLUDE_IN_FRAMEWORK_HEADER = YES;
				CLANG_WARN_RANGE_LOOP_ANALYSIS = YES;
				CLANG_WARN_STRICT_PROTOTYPES = YES;
				CLANG_WARN_SUSPICIOUS_MOVE = YES;
				CLANG_WARN_UNGUARDED_AVAILABILITY = YES_AGGRESSIVE;
				CLANG_WARN_UNREACHABLE_CODE = YES;
				CLANG_WARN__DUPLICATE_METHOD_MATCH = YES;
				COPY_PHASE_STRIP = NO;
				DEBUG_INFORMATION_FORMAT = dwarf;
				ENABLE_STRICT_OBJC_MSGSEND = YES;
				ENABLE_TESTABILITY = YES;
				ENABLE_USER_SCRIPT_SANDBOXING = YES;
				GCC_C_LANGUAGE_STANDARD = gnu17;
				GCC_DYNAMIC_NO_PIC = NO;
				GCC_NO_COMMON_BLOCKS = YES;
				GCC_OPTIMIZATION_LEVEL = 0;
				GCC_PREPROCESSOR_DEFINITIONS = (
					"DEBUG=1",
					"$(inherited)",
				);
				GCC_WARN_64_TO_32_BIT_CONVERSION = YES;
				GCC_WARN_ABOUT_RETURN_TYPE = YES_ERROR;
				GCC_WARN_UNDECLARED_SELECTOR = YES;
				GCC_WARN_UNINITIALIZED_AUTOS = YES_AGGRESSIVE;
				GCC_WARN_UNUSED_FUNCTION = YES;
				GCC_WARN_UNUSED_VARIABLE = YES;
				IPHONEOS_DEPLOYMENT_TARGET = 18.2;
				LOCALIZATION_PREFERS_STRING_CATALOGS = YES;
				MTL_ENABLE_DEBUG_INFO = INCLUDE_SOURCE;
				MTL_FAST_MATH = YES;
				ONLY_ACTIVE_ARCH = YES;
				SDKROOT = iphoneos;
				SWIFT_ACTIVE_COMPILATION_CONDITIONS = "DEBUG $(inherited)";
				SWIFT_OPTIMIZATION_LEVEL = "-Onone";
			};
			name = Debug;
		};
		27D98AC32E5E35D20069E25F /* Release */ = {
			isa = XCBuildConfiguration;
			buildSettings = {
				ALWAYS_SEARCH_USER_PATHS = NO;
				ASSETCATALOG_COMPILER_GENERATE_SWIFT_ASSET_SYMBOL_EXTENSIONS = YES;
				CLANG_ANALYZER_NONNULL = YES;
				CLANG_ANALYZER_NUMBER_OBJECT_CONVERSION = YES_AGGRESSIVE;
				CLANG_CXX_LANGUAGE_STANDARD = "gnu++20";
				CLANG_ENABLE_MODULES = YES;
				CLANG_ENABLE_OBJC_ARC = YES;
				CLANG_ENABLE_OBJC_WEAK = YES;
				CLANG_WARN_BLOCK_CAPTURE_AUTORELEASING = YES;
				CLANG_WARN_BOOL_CONVERSION = YES;
				CLANG_WARN_COMMA = YES;
				CLANG_WARN_CONSTANT_CONVERSION = YES;
				CLANG_WARN_DEPRECATED_OBJC_IMPLEMENTATIONS = YES;
				CLANG_WARN_DIRECT_OBJC_ISA_USAGE = YES_ERROR;
				CLANG_WARN_DOCUMENTATION_COMMENTS = YES;
				CLANG_WARN_EMPTY_BODY = YES;
				CLANG_WARN_ENUM_CONVERSION = YES;
				CLANG_WARN_INFINITE_RECURSION = YES;
				CLANG_WARN_INT_CONVERSION = YES;
				CLANG_WARN_NON_LITERAL_NULL_CONVERSION = YES;
				CLANG_WARN_OBJC_IMPLICIT_RETAIN_SELF = YES;
				CLANG_WARN_OBJC_LITERAL_CONVERSION = YES;
				CLANG_WARN_OBJC_ROOT_CLASS = YES_ERROR;
				CLANG_WARN_QUOTED_INCLUDE_IN_FRAMEWORK_HEADER = YES;
				CLANG_WARN_RANGE_LOOP_ANALYSIS = YES;
				CLANG_WARN_STRICT_PROTOTYPES = YES;
				CLANG_WARN_SUSPICIOUS_MOVE = YES;
				CLANG_WARN_UNGUARDED_AVAILABILITY = YES_AGGRESSIVE;
				CLANG_WARN_UNREACHABLE_CODE = YES;
				CLANG_WARN__DUPLICATE_METHOD_MATCH = YES;
				COPY_PHASE_STRIP = NO;
				DEBUG_INFORMATION_FORMAT = "dwarf-with-dsym";
				ENABLE_NS_ASSERTIONS = NO;
				ENABLE_STRICT_OBJC_MSGSEND = YES;
				ENABLE_USER_SCRIPT_SANDBOXING = YES;
				GCC_C_LANGUAGE_STANDARD = gnu17;
				GCC_NO_COMMON_BLOCKS = YES;
				GCC_WARN_64_TO_32_BIT_CONVERSION = YES;
				GCC_WARN_ABOUT_RETURN_TYPE = YES_ERROR;
				GCC_WARN_UNDECLARED_SELECTOR = YES;
				GCC_WARN_UNINITIALIZED_AUTOS = YES_AGGRESSIVE;
				GCC_WARN_UNUSED_FUNCTION = YES;
				GCC_WARN_UNUSED_VARIABLE = YES;
				IPHONEOS_DEPLOYMENT_TARGET = 18.2;
				LOCALIZATION_PREFERS_STRING_CATALOGS = YES;
				MTL_ENABLE_DEBUG_INFO = NO;
				MTL_FAST_MATH = YES;
				SDKROOT = iphoneos;
				SWIFT_COMPILATION_MODE = wholemodule;
				VALIDATE_PRODUCT = YES;
			};
			name = Release;
		};
		27D98AC52E5E35D20069E25F /* Debug */ = {
			isa = XCBuildConfiguration;
			buildSettings = {
				ASSETCATALOG_COMPILER_APPICON_NAME = AppIcon;
				ASSETCATALOG_COMPILER_GLOBAL_ACCENT_COLOR_NAME = AccentColor;
				ASSETCATALOG_COMPILER_INCLUDE_ALL_APPICON_ASSETS = NO;
				CODE_SIGN_STYLE = Automatic;
				CURRENT_PROJECT_VERSION = 1;
				DEVELOPMENT_ASSET_PATHS = "\"rosassistent/Preview Content\"";
				DEVELOPMENT_TEAM = Z2A29WHPK8;
				ENABLE_PREVIEWS = YES;
				GENERATE_INFOPLIST_FILE = YES;
				INFOPLIST_KEY_CFBundleDisplayName = "ROS-assistent";
				INFOPLIST_KEY_LSApplicationCategoryType = "public.app-category.utilities";
				INFOPLIST_KEY_UIApplicationSceneManifest_Generation = YES;
				INFOPLIST_KEY_UIApplicationSupportsIndirectInputEvents = YES;
				INFOPLIST_KEY_UILaunchScreen_Generation = YES;
				INFOPLIST_KEY_UISupportedInterfaceOrientations_iPad = "UIInterfaceOrientationPortrait UIInterfaceOrientationPortraitUpsideDown UIInterfaceOrientationLandscapeLeft UIInterfaceOrientationLandscapeRight";
				INFOPLIST_KEY_UISupportedInterfaceOrientations_iPhone = "UIInterfaceOrientationPortrait UIInterfaceOrientationLandscapeLeft UIInterfaceOrientationLandscapeRight";
				LD_RUNPATH_SEARCH_PATHS = (
					"$(inherited)",
					"@executable_path/Frameworks",
				);
				MARKETING_VERSION = 1.0;
				PRODUCT_BUNDLE_IDENTIFIER = Aigap.rosassistent;
				PRODUCT_NAME = "$(TARGET_NAME)";
				SWIFT_EMIT_LOC_STRINGS = YES;
				SWIFT_VERSION = 5.0;
				TARGETED_DEVICE_FAMILY = "1,2";
			};
			name = Debug;
		};
		27D98AC62E5E35D20069E25F /* Release */ = {
			isa = XCBuildConfiguration;
			buildSettings = {
				ASSETCATALOG_COMPILER_APPICON_NAME = AppIcon;
				ASSETCATALOG_COMPILER_GLOBAL_ACCENT_COLOR_NAME = AccentColor;
				ASSETCATALOG_COMPILER_INCLUDE_ALL_APPICON_ASSETS = NO;
				CODE_SIGN_STYLE = Automatic;
				CURRENT_PROJECT_VERSION = 1;
				DEVELOPMENT_ASSET_PATHS = "\"rosassistent/Preview Content\"";
				DEVELOPMENT_TEAM = Z2A29WHPK8;
				ENABLE_PREVIEWS = YES;
				GENERATE_INFOPLIST_FILE = YES;
				INFOPLIST_KEY_CFBundleDisplayName = "ROS-assistent";
				INFOPLIST_KEY_LSApplicationCategoryType = "public.app-category.utilities";
				INFOPLIST_KEY_UIApplicationSceneManifest_Generation = YES;
				INFOPLIST_KEY_UIApplicationSupportsIndirectInputEvents = YES;
				INFOPLIST_KEY_UILaunchScreen_Generation = YES;
				INFOPLIST_KEY_UISupportedInterfaceOrientations_iPad = "UIInterfaceOrientationPortrait UIInterfaceOrientationPortraitUpsideDown UIInterfaceOrientationLandscapeLeft UIInterfaceOrientationLandscapeRight";
				INFOPLIST_KEY_UISupportedInterfaceOrientations_iPhone = "UIInterfaceOrientationPortrait UIInterfaceOrientationLandscapeLeft UIInterfaceOrientationLandscapeRight";
				LD_RUNPATH_SEARCH_PATHS = (
					"$(inherited)",
					"@executable_path/Frameworks",
				);
				MARKETING_VERSION = 1.0;
				PRODUCT_BUNDLE_IDENTIFIER = Aigap.rosassistent;
				PRODUCT_NAME = "$(TARGET_NAME)";
				SWIFT_EMIT_LOC_STRINGS = YES;
				SWIFT_VERSION = 5.0;
				TARGETED_DEVICE_FAMILY = "1,2";
			};
			name = Release;
		};
		27D98AC82E5E35D20069E25F /* Debug */ = {
			isa = XCBuildConfiguration;
			buildSettings = {
				BUNDLE_LOADER = "$(TEST_HOST)";
				CODE_SIGN_STYLE = Automatic;
				CURRENT_PROJECT_VERSION = 1;
				DEVELOPMENT_TEAM = Z2A29WHPK8;
				GENERATE_INFOPLIST_FILE = YES;
				IPHONEOS_DEPLOYMENT_TARGET = 18.2;
				MARKETING_VERSION = 1.0;
				PRODUCT_BUNDLE_IDENTIFIER = Aigap.rosassistentTests;
				PRODUCT_NAME = "$(TARGET_NAME)";
				SWIFT_EMIT_LOC_STRINGS = NO;
				SWIFT_VERSION = 5.0;
				TARGETED_DEVICE_FAMILY = "1,2";
				TEST_HOST = "$(BUILT_PRODUCTS_DIR)/rosassistent.app/$(BUNDLE_EXECUTABLE_FOLDER_PATH)/rosassistent";
			};
			name = Debug;
		};
		27D98AC92E5E35D20069E25F /* Release */ = {
			isa = XCBuildConfiguration;
			buildSettings = {
				BUNDLE_LOADER = "$(TEST_HOST)";
				CODE_SIGN_STYLE = Automatic;
				CURRENT_PROJECT_VERSION = 1;
				DEVELOPMENT_TEAM = Z2A29WHPK8;
				GENERATE_INFOPLIST_FILE = YES;
				IPHONEOS_DEPLOYMENT_TARGET = 18.2;
				MARKETING_VERSION = 1.0;
				PRODUCT_BUNDLE_IDENTIFIER = Aigap.rosassistentTests;
				PRODUCT_NAME = "$(TARGET_NAME)";
				SWIFT_EMIT_LOC_STRINGS = NO;
				SWIFT_VERSION = 5.0;
				TARGETED_DEVICE_FAMILY = "1,2";
				TEST_HOST = "$(BUILT_PRODUCTS_DIR)/rosassistent.app/$(BUNDLE_EXECUTABLE_FOLDER_PATH)/rosassistent";
			};
			name = Release;
		};
		27D98ACB2E5E35D20069E25F /* Debug */ = {
			isa = XCBuildConfiguration;
			buildSettings = {
				CODE_SIGN_STYLE = Automatic;
				CURRENT_PROJECT_VERSION = 1;
				DEVELOPMENT_TEAM = Z2A29WHPK8;
				GENERATE_INFOPLIST_FILE = YES;
				MARKETING_VERSION = 1.0;
				PRODUCT_BUNDLE_IDENTIFIER = Aigap.rosassistentUITests;
				PRODUCT_NAME = "$(TARGET_NAME)";
				SWIFT_EMIT_LOC_STRINGS = NO;
				SWIFT_VERSION = 5.0;
				TARGETED_DEVICE_FAMILY = "1,2";
				TEST_TARGET_NAME = rosassistent;
			};
			name = Debug;
		};
		27D98ACC2E5E35D20069E25F /* Release */ = {
			isa = XCBuildConfiguration;
			buildSettings = {
				CODE_SIGN_STYLE = Automatic;
				CURRENT_PROJECT_VERSION = 1;
				DEVELOPMENT_TEAM = Z2A29WHPK8;
				GENERATE_INFOPLIST_FILE = YES;
				MARKETING_VERSION = 1.0;
				PRODUCT_BUNDLE_IDENTIFIER = Aigap.rosassistentUITests;
				PRODUCT_NAME = "$(TARGET_NAME)";
				SWIFT_EMIT_LOC_STRINGS = NO;
				SWIFT_VERSION = 5.0;
				TARGETED_DEVICE_FAMILY = "1,2";
				TEST_TARGET_NAME = rosassistent;
			};
			name = Release;
		};
/* End XCBuildConfiguration section */

/* Begin XCConfigurationList section */
		27D98A992E5E35CC0069E25F /* Build configuration list for PBXProject "rosassistent" */ = {
			isa = XCConfigurationList;
			buildConfigurations = (
				27D98AC22E5E35D20069E25F /* Debug */,
				27D98AC32E5E35D20069E25F /* Release */,
			);
			defaultConfigurationIsVisible = 0;
			defaultConfigurationName = Release;
		};
		27D98AC42E5E35D20069E25F /* Build configuration list for PBXNativeTarget "rosassistent" */ = {
			isa = XCConfigurationList;
			buildConfigurations = (
				27D98AC52E5E35D20069E25F /* Debug */,
				27D98AC62E5E35D20069E25F /* Release */,
			);
			defaultConfigurationIsVisible = 0;
			defaultConfigurationName = Release;
		};
		27D98AC72E5E35D20069E25F /* Build configuration list for PBXNativeTarget "rosassistentTests" */ = {
			isa = XCConfigurationList;
			buildConfigurations = (
				27D98AC82E5E35D20069E25F /* Debug */,
				27D98AC92E5E35D20069E25F /* Release */,
			);
			defaultConfigurationIsVisible = 0;
			defaultConfigurationName = Release;
		};
		27D98ACA2E5E35D20069E25F /* Build configuration list for PBXNativeTarget "rosassistentUITests" */ = {
			isa = XCConfigurationList;
			buildConfigurations = (
				27D98ACB2E5E35D20069E25F /* Debug */,
				27D98ACC2E5E35D20069E25F /* Release */,
			);
			defaultConfigurationIsVisible = 0;
			defaultConfigurationName = Release;
		};
/* End XCConfigurationList section */
	};
	rootObject = 27D98A962E5E35CC0069E25F /* Project object */;
}
