
Microsoft Visual Studio Solution File, Format Version 12.00
# Visual Studio Version 17
VisualStudioVersion = 17.14.36717.8 d17.14
MinimumVisualStudioVersion = 10.0.40219.1
Project("{FAE04EC0-301F-11D3-BF4B-00C04F79EFBC}") = "dbmanageWinForms", "dbmanageWinForms\dbmanageWinForms.csproj", "{5C3D2495-7055-BAFA-6A5A-A974D11A31A9}"
EndProject
Global
	GlobalSection(SolutionConfigurationPlatforms) = preSolution
		Debug|Any CPU = Debug|Any CPU
		Release|Any CPU = Release|Any CPU
	EndGlobalSection
	GlobalSection(ProjectConfigurationPlatforms) = postSolution
		{5C3D2495-7055-BAFA-6A5A-A974D11A31A9}.Debug|Any CPU.ActiveCfg = Debug|Any CPU
		{5C3D2495-7055-BAFA-6A5A-A974D11A31A9}.Debug|Any CPU.Build.0 = Debug|Any CPU
		{5C3D2495-7055-BAFA-6A5A-A974D11A31A9}.Release|Any CPU.ActiveCfg = Release|Any CPU
		{5C3D2495-7055-BAFA-6A5A-A974D11A31A9}.Release|Any CPU.Build.0 = Release|Any CPU
	EndGlobalSection
	GlobalSection(SolutionProperties) = preSolution
		HideSolutionNode = FALSE
	EndGlobalSection
	GlobalSection(ExtensibilityGlobals) = postSolution
		SolutionGuid = {609A3EBC-ECDA-406E-BE3A-959EBCF748B5}
	EndGlobalSection
EndGlobal
